PODS:
  - Alamofire (5.8.1)
  - SnapKit (5.6.0)

DEPENDENCIES:
  - Alamofire
  - SnapKit

SPEC REPOS:
  trunk:
    - Alamofire
    - SnapKit

SPEC CHECKSUMS:
  Alamofire: 3ca42e259043ee0dc5c0cdd76c4bc568b8e42af7
  SnapKit: e01d52ebb8ddbc333eefe2132acf85c8227d9c25

PODFILE CHECKSUM: 4d268fe9f9e2b915bcfff87cdc2492492c070a93

COCOAPODS: 1.14.3
